dependencies:
- name: prometheus
  repository: https://prometheus-community.github.io/helm-charts
  version: 27.28.0
- name: prometheus-postgres-exporter
  repository: https://prometheus-community.github.io/helm-charts
  version: 7.0.1
- name: prometheus-operator-crds
  repository: https://prometheus-community.github.io/helm-charts
  version: 22.0.1
digest: sha256:57ed8f1962537f05a925037d1c02001d0e4f97a0d05d05e85de022c63bba1911
generated: "2025-07-19T21:27:22.031561301Z"
