dependencies:
- name: redis
  repository: https://charts.bitnami.com/bitnami
  version: 20.1.7
- name: rabbitmq
  repository: https://charts.bitnami.com/bitnami
  version: 15.0.2
digest: sha256:c5333689489550d78e828aa7d16139a0053ce13cc5ad8d46399387d9fc072378
generated: "2024-10-07T14:36:08.865461583Z"
