dependencies:
- name: redis
  repository: https://charts.bitnami.com/bitnami
  version: 20.6.3
- name: rabbitmq
  repository: https://charts.bitnami.com/bitnami
  version: 15.2.3
digest: sha256:4c7aa14dab80bbf16761ec9c37b0d95bbfa1da7da8ed322c8efce0e797256e2a
generated: "2025-01-19T00:54:14.296563874Z"
