dependencies:
- name: redis
  repository: https://charts.bitnami.com/bitnami
  version: 21.1.3
- name: rabbitmq
  repository: https://charts.bitnami.com/bitnami
  version: 16.0.2
digest: sha256:34631e3d45f945465c4a11360936c78bad716f909a90bd68d40e57621405de80
generated: "2025-05-16T18:39:11.356378179Z"
