dependencies:
- name: argo-cd
  repository: https://argoproj.github.io/argo-helm
  version: 10.9.2
- name: valkey
  repository: https://valkey-io.github.io/valkey-helm/
  version: 0.12.0
digest: sha256:eec96bf9de4a752ece31a15c472585467ed8e2fc660174fd74ec61ee14cf622d
generated: "2026-09-18T23:03:10.017772127Z"
