dependencies:
- name: argo-cd
  repository: https://argoproj.github.io/argo-helm
  version: 10.2.1
- name: valkey
  repository: https://valkey-io.github.io/valkey-helm/
  version: 0.11.0
digest: sha256:352641d10e63930ce9d6d079a942c1d502fa87df8627243f63bfbf36e1d936ea
generated: "2026-07-27T07:28:28.869837604Z"
