dependencies:
- name: argo-cd
  repository: https://argoproj.github.io/argo-helm
  version: 10.10.2
- name: valkey
  repository: https://valkey-io.github.io/valkey-helm/
  version: 0.12.0
digest: sha256:fca5cfaf6c7f227fc29abfc4ebeead1c67462f1db1b8a1e69fedede1332d0971
generated: "2026-10-10T00:42:15.169423683Z"
