dependencies:
- name: grafana
  repository: https://grafana.github.io/helm-charts
  version: 8.10.1
- name: loki
  repository: https://grafana.github.io/helm-charts
  version: 6.27.0
- name: alloy
  repository: https://grafana.github.io/helm-charts
  version: 0.11.0
digest: sha256:2666e0da68dcada47a9cbdf26b8e1e4976797ef3aeb58d2efe12415eb0298cff
generated: "2025-02-22T19:35:51.096289903Z"
