dependencies:
- name: immich
  repository: https://immich-app.github.io/immich-charts
  version: 0.9.0
- name: postgresql
  repository: https://charts.bitnami.com/bitnami
  version: 16.3.5
digest: sha256:f093b2aab8ab76471f16870f9375316e664bd8c2fd7a87e92c8b8d6a838257a5
generated: "2025-01-09T01:15:16.068535717Z"
