dependencies:
- name: immich
  repository: https://immich-app.github.io/immich-charts
  version: 0.12.0
- name: postgresql
  repository: https://charts.bitnami.com/bitnami
  version: 18.7.5
digest: sha256:5cc6b7c08fb1854432da5e46baba154cc6e96c2d6f22238886a5d46c4a7413c1
generated: "2026-06-18T02:14:20.505767264Z"
