dependencies:
- name: immich
  repository: https://immich-app.github.io/immich-charts
  version: 0.10.3
- name: postgresql
  repository: https://charts.bitnami.com/bitnami
  version: 18.1.14
digest: sha256:2c289c49fed83ef0189846589e42c7b33be474775f2b9fd9e04d8855c2714d18
generated: "2025-12-16T01:05:31.858452357Z"
