dependencies:
- name: prometheus
  repository: https://prometheus-community.github.io/helm-charts
  version: 25.30.1
- name: prometheus-postgres-exporter
  repository: https://prometheus-community.github.io/helm-charts
  version: 6.4.0
digest: sha256:de8998df5338f49c400f82553a659873cea4b95526d3047857e9bf63064b17ce
generated: "2024-11-16T19:21:00.023985057Z"
