dependencies:
- name: prometheus
  repository: https://prometheus-community.github.io/helm-charts
  version: 25.26.0
- name: prometheus-postgres-exporter
  repository: https://prometheus-community.github.io/helm-charts
  version: 6.3.0
digest: sha256:fea0ee271b473836df49788d32328a6afed5aa509e59626625b3c7021b4aa02c
generated: "2024-08-20T00:39:31.861718625Z"
