dependencies:
- name: victoria-metrics-single
  repository: https://victoriametrics.github.io/helm-charts
  version: 0.45.0
- name: prometheus-node-exporter
  repository: https://prometheus-community.github.io/helm-charts
  version: 4.56.1
- name: kube-state-metrics
  repository: https://prometheus-community.github.io/helm-charts
  version: 8.4.0
digest: sha256:0c2072320963e00c0f71b23bc3bad03b2a93534f0fa04b3c2e7372a9272cc91d
generated: "2026-08-18T21:49:35.119790588Z"
