dependencies:
- name: victoria-metrics-single
  repository: https://victoriametrics.github.io/helm-charts
  version: 0.42.0
- name: prometheus-node-exporter
  repository: https://prometheus-community.github.io/helm-charts
  version: 4.56.1
- name: kube-state-metrics
  repository: https://prometheus-community.github.io/helm-charts
  version: 7.8.1
digest: sha256:97fb2ab975e13386519c90277ba332f1506c6c8489028d762f9bc6615e2985ba
generated: "2026-07-15T00:35:29.544357107Z"
